{
    "_readme": [
        "This file locks the dependencies of your project to a known state",
        "Read more about it at https://getcomposer.org/doc/01-basic-usage.md#composer-lock-the-lock-file",
        "This file is @generated automatically"
    ],
    "hash": "e40e9ff3ec71862958077c740970466a",
    "content-hash": "1caba239987612bdc2ab5785c3953bb4",
    "packages": [],
    "packages-dev": [
        {
            "name": "tivie/htaccess-parser",
            "version": "dev-master",
            "source": {
                "type": "git",
                "url": "https://github.com/tivie/php-htaccess-parser.git",
                "reference": "ed160c2dff22d7f58da8dacb7f71d54f9dd193f2"
            },
            "dist": {
                "type": "zip",
                "url": "https://api.github.com/repos/tivie/php-htaccess-parser/zipball/ed160c2dff22d7f58da8dacb7f71d54f9dd193f2",
                "reference": "ed160c2dff22d7f58da8dacb7f71d54f9dd193f2",
                "shasum": ""
            },
            "require": {
                "php": ">=5.4.0"
            },
            "require-dev": {
                "phpdocumentor/phpdocumentor": "2.8.1",
                "phpunit/phpunit": "4.3.*"
            },
            "type": "library",
            "autoload": {
                "psr-4": {
                    "Tivie\\HtaccessParser\\": "src/"
                }
            },
            "notification-url": "https://packagist.org/downloads/",
            "license": [
                "Apache-2.0"
            ],
            "authors": [
                {
                    "name": "Estevão Soares dos Santos",
                    "email": "estevao@soares-dos-santos.com"
                }
            ],
            "description": "A .htaccess parser and validator implemented in PHP",
            "homepage": "https://github.com/tivie/php-htaccess-parser",
            "keywords": [
                ".htaccess",
                "htaccess"
            ],
            "time": "2016-06-17 19:28:11"
        }
    ],
    "aliases": [],
    "minimum-stability": "stable",
    "stability-flags": {
        "tivie/htaccess-parser": 20
    },
    "prefer-stable": false,
    "prefer-lowest": false,
    "platform": {
        "php": ">=5.4.0 || ^7.0"
    },
    "platform-dev": []
}
